// !$*UTF8*$!
{
	archiveVersion = 1;
	classes = {
	};
	objectVersion = 50;
	objects = {

/* Begin PBXBuildFile section */
		2E2BCC592155C59200F3EB7C /* GoogleService-Info.plist in Resources */ = {isa = PBXBuildFile; fileRef = 2E2BCC582155C59200F3EB7C /* GoogleService-Info.plist */; };
		2E2BCC632156431900F3EB7C /* db2.sqlite in Resources */ = {isa = PBXBuildFile; fileRef = 2E2BCC622156431900F3EB7C /* db2.sqlite */; };
		2EABEB0D2129FBD300243E24 /* AppDelegate.swift in Sources */ = {isa = PBXBuildFile; fileRef = 2EABEB0C2129FBD300243E24 /* AppDelegate.swift */; };
		2EABEB0F2129FBD300243E24 /* ViewController.swift in Sources */ = {isa = PBXBuildFile; fileRef = 2EABEB0E2129FBD300243E24 /* ViewController.swift */; };
		2EABEB122129FBD300243E24 /* Main.storyboard in Resources */ = {isa = PBXBuildFile; fileRef = 2EABEB102129FBD300243E24 /* Main.storyboard */; };
		2EABEB152129FBD300243E24 /* Bulmaca_So_zlu_k.xcdatamodeld in Sources */ = {isa = PBXBuildFile; fileRef = 2EABEB132129FBD300243E24 /* Bulmaca_So_zlu_k.xcdatamodeld */; };
		2EABEB172129FBD800243E24 /* Assets.xcassets in Resources */ = {isa = PBXBuildFile; fileRef = 2EABEB162129FBD800243E24 /* Assets.xcassets */; };
		2EABEB1A2129FBD800243E24 /* LaunchScreen.storyboard in Resources */ = {isa = PBXBuildFile; fileRef = 2EABEB182129FBD800243E24 /* LaunchScreen.storyboard */; };
/* End PBXBuildFile section */

/* Begin PBXFileReference section */
		2E2BCC582155C59200F3EB7C /* GoogleService-Info.plist */ = {isa = PBXFileReference; fileEncoding = 4; lastKnownFileType = text.plist.xml; path = "GoogleService-Info.plist"; sourceTree = "<group>"; };
		2E2BCC622156431900F3EB7C /* db2.sqlite */ = {isa = PBXFileReference; lastKnownFileType = file; path = db2.sqlite; sourceTree = "<group>"; };
		2EABEB092129FBD300243E24 /* Bulmaca Sözlük.app */ = {isa = PBXFileReference; explicitFileType = wrapper.application; includeInIndex = 0; path = "Bulmaca Sözlük.app"; sourceTree = BUILT_PRODUCTS_DIR; };
		2EABEB0C2129FBD300243E24 /* AppDelegate.swift */ = {isa = PBXFileReference; lastKnownFileType = sourcecode.swift; path = AppDelegate.swift; sourceTree = "<group>"; };
		2EABEB0E2129FBD300243E24 /* ViewController.swift */ = {isa = PBXFileReference; lastKnownFileType = sourcecode.swift; path = ViewController.swift; sourceTree = "<group>"; };
		2EABEB112129FBD300243E24 /* Base */ = {isa = PBXFileReference; lastKnownFileType = file.storyboard; name = Base; path = Base.lproj/Main.storyboard; sourceTree = "<group>"; };
		2EABEB142129FBD300243E24 /* Bulmaca_So_zlu_k.xcdatamodel */ = {isa = PBXFileReference; lastKnownFileType = wrapper.xcdatamodel; path = Bulmaca_So_zlu_k.xcdatamodel; sourceTree = "<group>"; };
		2EABEB162129FBD800243E24 /* Assets.xcassets */ = {isa = PBXFileReference; lastKnownFileType = folder.assetcatalog; path = Assets.xcassets; sourceTree = "<group>"; };
		2EABEB192129FBD800243E24 /* Base */ = {isa = PBXFileReference; lastKnownFileType = file.storyboard; name = Base; path = Base.lproj/LaunchScreen.storyboard; sourceTree = "<group>"; };
		2EABEB1B2129FBD800243E24 /* Info.plist */ = {isa = PBXFileReference; lastKnownFileType = text.plist.xml; path = Info.plist; sourceTree = "<group>"; };
		6352B751098DEC7BF2CE65D6 /* Pods-Bulmaca Sözlük.debug.xcconfig */ = {isa = PBXFileReference; includeInIndex = 1; lastKnownFileType = text.xcconfig; name = "Pods-Bulmaca Sözlük.debug.xcconfig"; path = "Pods/Target Support Files/Pods-Bulmaca Sözlük/Pods-Bulmaca Sözlük.debug.xcconfig"; sourceTree = "<group>"; };
		AF144C5A55F076E93C12A169 /* Pods-Bulmaca Sözlük.release.xcconfig */ = {isa = PBXFileReference; includeInIndex = 1; lastKnownFileType = text.xcconfig; name = "Pods-Bulmaca Sözlük.release.xcconfig"; path = "Pods/Target Support Files/Pods-Bulmaca Sözlük/Pods-Bulmaca Sözlük.release.xcconfig"; sourceTree = "<group>"; };
/* End PBXFileReference section */

/* Begin PBXFrameworksBuildPhase section */
		2EABEB062129FBD300243E24 /* Frameworks */ = {
			isa = PBXFrameworksBuildPhase;
			buildActionMask = 2147483647;
			files = (
			);
			runOnlyForDeploymentPostprocessing = 0;
		};
/* End PBXFrameworksBuildPhase section */

/* Begin PBXGroup section */
		2E9C9E84213857C00022C0EB /* Controller */ = {
			isa = PBXGroup;
			children = (
				2EABEB0E2129FBD300243E24 /* ViewController.swift */,
			);
			path = Controller;
			sourceTree = "<group>";
		};
		2E9C9E86213857FE0022C0EB /* View */ = {
			isa = PBXGroup;
			children = (
				2EABEB102129FBD300243E24 /* Main.storyboard */,
				2EABEB182129FBD800243E24 /* LaunchScreen.storyboard */,
			);
			path = View;
			sourceTree = "<group>";
		};
		2E9C9E872138581F0022C0EB /* Model */ = {
			isa = PBXGroup;
			children = (
				2EABEB0C2129FBD300243E24 /* AppDelegate.swift */,
			);
			path = Model;
			sourceTree = "<group>";
		};
		2EABEB002129FBD300243E24 = {
			isa = PBXGroup;
			children = (
				2EABEB0B2129FBD300243E24 /* Bulmaca Sözlük */,
				2EABEB0A2129FBD300243E24 /* Products */,
				F704D9A6C66A1EBC56558BB0 /* Pods */,
				2FBB0F39CB026BFF7D15D505 /* Frameworks */,
			);
			sourceTree = "<group>";
		};
		2EABEB0A2129FBD300243E24 /* Products */ = {
			isa = PBXGroup;
			children = (
				2EABEB092129FBD300243E24 /* Bulmaca Sözlük.app */,
			);
			name = Products;
			sourceTree = "<group>";
		};
		2EABEB0B2129FBD300243E24 /* Bulmaca Sözlük */ = {
			isa = PBXGroup;
			children = (
				2E2BCC622156431900F3EB7C /* db2.sqlite */,
				2E9C9E872138581F0022C0EB /* Model */,
				2E9C9E86213857FE0022C0EB /* View */,
				2E9C9E84213857C00022C0EB /* Controller */,
				2EABEB162129FBD800243E24 /* Assets.xcassets */,
				2EABEB1B2129FBD800243E24 /* Info.plist */,
				2EABEB132129FBD300243E24 /* Bulmaca_So_zlu_k.xcdatamodeld */,
				2E2BCC582155C59200F3EB7C /* GoogleService-Info.plist */,
			);
			path = "Bulmaca Sözlük";
			sourceTree = "<group>";
		};
		2FBB0F39CB026BFF7D15D505 /* Frameworks */ = {
			isa = PBXGroup;
			children = (
			);
			name = Frameworks;
			sourceTree = "<group>";
		};
		F704D9A6C66A1EBC56558BB0 /* Pods */ = {
			isa = PBXGroup;
			children = (
				6352B751098DEC7BF2CE65D6 /* Pods-Bulmaca Sözlük.debug.xcconfig */,
				AF144C5A55F076E93C12A169 /* Pods-Bulmaca Sözlük.release.xcconfig */,
			);
			name = Pods;
			sourceTree = "<group>";
		};
/* End PBXGroup section */

/* Begin PBXNativeTarget section */
		2EABEB082129FBD300243E24 /* Bulmaca Sözlük */ = {
			isa = PBXNativeTarget;
			buildConfigurationList = 2EABEB1E2129FBD800243E24 /* Build configuration list for PBXNativeTarget "Bulmaca Sözlük" */;
			buildPhases = (
				E232F5DBB3028C0213CFA9CF /* [CP] Check Pods Manifest.lock */,
				2EABEB052129FBD300243E24 /* Sources */,
				2EABEB062129FBD300243E24 /* Frameworks */,
				2EABEB072129FBD300243E24 /* Resources */,
				35A8D9649F7F2B472A427E51 /* [CP] Embed Pods Frameworks */,
			);
			buildRules = (
			);
			dependencies = (
			);
			name = "Bulmaca Sözlük";
			productName = "Bulmaca Sözlük";
			productReference = 2EABEB092129FBD300243E24 /* Bulmaca Sözlük.app */;
			productType = "com.apple.product-type.application";
		};
/* End PBXNativeTarget section */

/* Begin PBXProject section */
		2EABEB012129FBD300243E24 /* Project object */ = {
			isa = PBXProject;
			attributes = {
				LastSwiftUpdateCheck = 0940;
				LastUpgradeCheck = 0940;
				ORGANIZATIONNAME = "Emin Türk";
				TargetAttributes = {
					2EABEB082129FBD300243E24 = {
						CreatedOnToolsVersion = 9.4.1;
					};
				};
			};
			buildConfigurationList = 2EABEB042129FBD300243E24 /* Build configuration list for PBXProject "Bulmaca Sözlük" */;
			compatibilityVersion = "Xcode 9.3";
			developmentRegion = en;
			hasScannedForEncodings = 0;
			knownRegions = (
				en,
				Base,
			);
			mainGroup = 2EABEB002129FBD300243E24;
			productRefGroup = 2EABEB0A2129FBD300243E24 /* Products */;
			projectDirPath = "";
			projectRoot = "";
			targets = (
				2EABEB082129FBD300243E24 /* Bulmaca Sözlük */,
			);
		};
/* End PBXProject section */

/* Begin PBXResourcesBuildPhase section */
		2EABEB072129FBD300243E24 /* Resources */ = {
			isa = PBXResourcesBuildPhase;
			buildActionMask = 2147483647;
			files = (
				2EABEB1A2129FBD800243E24 /* LaunchScreen.storyboard in Resources */,
				2E2BCC632156431900F3EB7C /* db2.sqlite in Resources */,
				2E2BCC592155C59200F3EB7C /* GoogleService-Info.plist in Resources */,
				2EABEB172129FBD800243E24 /* Assets.xcassets in Resources */,
				2EABEB122129FBD300243E24 /* Main.storyboard in Resources */,
			);
			runOnlyForDeploymentPostprocessing = 0;
		};
/* End PBXResourcesBuildPhase section */

/* Begin PBXShellScriptBuildPhase section */
		35A8D9649F7F2B472A427E51 /* [CP] Embed Pods Frameworks */ = {
			isa = PBXShellScriptBuildPhase;
			buildActionMask = 2147483647;
			files = (
			);
			inputPaths = (
				"${SRCROOT}/Pods/Target Support Files/Pods-Bulmaca Sözlük/Pods-Bulmaca Sözlük-frameworks.sh",
				"${BUILT_PRODUCTS_DIR}/GRDB.swift/GRDB.framework",
				"${BUILT_PRODUCTS_DIR}/GTMSessionFetcher/GTMSessionFetcher.framework",
				"${BUILT_PRODUCTS_DIR}/GoogleUtilities/GoogleUtilities.framework",
				"${BUILT_PRODUCTS_DIR}/SVProgressHUD/SVProgressHUD.framework",
				"${BUILT_PRODUCTS_DIR}/SearchTextField/SearchTextField.framework",
				"${BUILT_PRODUCTS_DIR}/leveldb-library/leveldb.framework",
				"${BUILT_PRODUCTS_DIR}/nanopb/nanopb.framework",
			);
			name = "[CP] Embed Pods Frameworks";
			outputPaths = (
				"${TARGET_BUILD_DIR}/${FRAMEWORKS_FOLDER_PATH}/GRDB.framework",
				"${TARGET_BUILD_DIR}/${FRAMEWORKS_FOLDER_PATH}/GTMSessionFetcher.framework",
				"${TARGET_BUILD_DIR}/${FRAMEWORKS_FOLDER_PATH}/GoogleUtilities.framework",
				"${TARGET_BUILD_DIR}/${FRAMEWORKS_FOLDER_PATH}/SVProgressHUD.framework",
				"${TARGET_BUILD_DIR}/${FRAMEWORKS_FOLDER_PATH}/SearchTextField.framework",
				"${TARGET_BUILD_DIR}/${FRAMEWORKS_FOLDER_PATH}/leveldb.framework",
				"${TARGET_BUILD_DIR}/${FRAMEWORKS_FOLDER_PATH}/nanopb.framework",
			);
			runOnlyForDeploymentPostprocessing = 0;
			shellPath = /bin/sh;
			shellScript = "\"${SRCROOT}/Pods/Target Support Files/Pods-Bulmaca Sözlük/Pods-Bulmaca Sözlük-frameworks.sh\"\n";
			showEnvVarsInLog = 0;
		};
		E232F5DBB3028C0213CFA9CF /* [CP] Check Pods Manifest.lock */ = {
			isa = PBXShellScriptBuildPhase;
			buildActionMask = 2147483647;
			files = (
			);
			inputPaths = (
				"${PODS_PODFILE_DIR_PATH}/Podfile.lock",
				"${PODS_ROOT}/Manifest.lock",
			);
			name = "[CP] Check Pods Manifest.lock";
			outputPaths = (
				"$(DERIVED_FILE_DIR)/Pods-Bulmaca Sözlük-checkManifestLockResult.txt",
			);
			runOnlyForDeploymentPostprocessing = 0;
			shellPath = /bin/sh;
			shellScript = "diff \"${PODS_PODFILE_DIR_PATH}/Podfile.lock\" \"${PODS_ROOT}/Manifest.lock\" > /dev/null\nif [ $? != 0 ] ; then\n    # print error to STDERR\n    echo \"error: The sandbox is not in sync with the Podfile.lock. Run 'pod install' or update your CocoaPods installation.\" >&2\n    exit 1\nfi\n# This output is used by Xcode 'outputs' to avoid re-running this script phase.\necho \"SUCCESS\" > \"${SCRIPT_OUTPUT_FILE_0}\"\n";
			showEnvVarsInLog = 0;
		};
/* End PBXShellScriptBuildPhase section */

/* Begin PBXSourcesBuildPhase section */
		2EABEB052129FBD300243E24 /* Sources */ = {
			isa = PBXSourcesBuildPhase;
			buildActionMask = 2147483647;
			files = (
				2EABEB0F2129FBD300243E24 /* ViewController.swift in Sources */,
				2EABEB0D2129FBD300243E24 /* AppDelegate.swift in Sources */,
				2EABEB152129FBD300243E24 /* Bulmaca_So_zlu_k.xcdatamodeld in Sources */,
			);
			runOnlyForDeploymentPostprocessing = 0;
		};
/* End PBXSourcesBuildPhase section */

/* Begin PBXVariantGroup section */
		2EABEB102129FBD300243E24 /* Main.storyboard */ = {
			isa = PBXVariantGroup;
			children = (
				2EABEB112129FBD300243E24 /* Base */,
			);
			name = Main.storyboard;
			sourceTree = "<group>";
		};
		2EABEB182129FBD800243E24 /* LaunchScreen.storyboard */ = {
			isa = PBXVariantGroup;
			children = (
				2EABEB192129FBD800243E24 /* Base */,
			);
			name = LaunchScreen.storyboard;
			sourceTree = "<group>";
		};
/* End PBXVariantGroup section */

/* Begin XCBuildConfiguration section */
		2EABEB1C2129FBD800243E24 /* Debug */ = {
			isa = XCBuildConfiguration;
			buildSettings = {
				ALWAYS_SEARCH_USER_PATHS = NO;
				CLANG_ANALYZER_NONNULL = YES;
				CLANG_ANALYZER_NUMBER_OBJECT_CONVERSION = YES_AGGRESSIVE;
				CLANG_CXX_LANGUAGE_STANDARD = "gnu++14";
				CLANG_CXX_LIBRARY = "libc++";
				CLANG_ENABLE_MODULES = YES;
				CLANG_ENABLE_OBJC_ARC = YES;
				CLANG_ENABLE_OBJC_WEAK = YES;
				CLANG_WARN_BLOCK_CAPTURE_AUTORELEASING = YES;
				CLANG_WARN_BOOL_CONVERSION = YES;
				CLANG_WARN_COMMA = YES;
				CLANG_WARN_CONSTANT_CONVERSION = YES;
				CLANG_WARN_DEPRECATED_OBJC_IMPLEMENTATIONS = YES;
				CLANG_WARN_DIRECT_OBJC_ISA_USAGE = YES_ERROR;
				CLANG_WARN_DOCUMENTATION_COMMENTS = YES;
				CLANG_WARN_EMPTY_BODY = YES;
				CLANG_WARN_ENUM_CONVERSION = YES;
				CLANG_WARN_INFINITE_RECURSION = YES;
				CLANG_WARN_INT_CONVERSION = YES;
				CLANG_WARN_NON_LITERAL_NULL_CONVERSION = YES;
				CLANG_WARN_OBJC_IMPLICIT_RETAIN_SELF = YES;
				CLANG_WARN_OBJC_LITERAL_CONVERSION = YES;
				CLANG_WARN_OBJC_ROOT_CLASS = YES_ERROR;
				CLANG_WARN_RANGE_LOOP_ANALYSIS = YES;
				CLANG_WARN_STRICT_PROTOTYPES = YES;
				CLANG_WARN_SUSPICIOUS_MOVE = YES;
				CLANG_WARN_UNGUARDED_AVAILABILITY = YES_AGGRESSIVE;
				CLANG_WARN_UNREACHABLE_CODE = YES;
				CLANG_WARN__DUPLICATE_METHOD_MATCH = YES;
				CODE_SIGN_IDENTITY = "iPhone Developer";
				COPY_PHASE_STRIP = NO;
				DEBUG_INFORMATION_FORMAT = dwarf;
				ENABLE_STRICT_OBJC_MSGSEND = YES;
				ENABLE_TESTABILITY = YES;
				GCC_C_LANGUAGE_STANDARD = gnu11;
				GCC_DYNAMIC_NO_PIC = NO;
				GCC_NO_COMMON_BLOCKS = YES;
				GCC_OPTIMIZATION_LEVEL = 0;
				GCC_PREPROCESSOR_DEFINITIONS = (
					"DEBUG=1",
					"$(inherited)",
				);
				GCC_WARN_64_TO_32_BIT_CONVERSION = YES;
				GCC_WARN_ABOUT_RETURN_TYPE = YES_ERROR;
				GCC_WARN_UNDECLARED_SELECTOR = YES;
				GCC_WARN_UNINITIALIZED_AUTOS = YES_AGGRESSIVE;
				GCC_WARN_UNUSED_FUNCTION = YES;
				GCC_WARN_UNUSED_VARIABLE = YES;
				IPHONEOS_DEPLOYMENT_TARGET = 10.0;
				MTL_ENABLE_DEBUG_INFO = YES;
				ONLY_ACTIVE_ARCH = YES;
				SDKROOT = iphoneos;
				SWIFT_ACTIVE_COMPILATION_CONDITIONS = DEBUG;
				SWIFT_OPTIMIZATION_LEVEL = "-Onone";
			};
			name = Debug;
		};
		2EABEB1D2129FBD800243E24 /* Release */ = {
			isa = XCBuildConfiguration;
			buildSettings = {
				ALWAYS_SEARCH_USER_PATHS = NO;
				CLANG_ANALYZER_NONNULL = YES;
				CLANG_ANALYZER_NUMBER_OBJECT_CONVERSION = YES_AGGRESSIVE;
				CLANG_CXX_LANGUAGE_STANDARD = "gnu++14";
				CLANG_CXX_LIBRARY = "libc++";
				CLANG_ENABLE_MODULES = YES;
				CLANG_ENABLE_OBJC_ARC = YES;
				CLANG_ENABLE_OBJC_WEAK = YES;
				CLANG_WARN_BLOCK_CAPTURE_AUTORELEASING = YES;
				CLANG_WARN_BOOL_CONVERSION = YES;
				CLANG_WARN_COMMA = YES;
				CLANG_WARN_CONSTANT_CONVERSION = YES;
				CLANG_WARN_DEPRECATED_OBJC_IMPLEMENTATIONS = YES;
				CLANG_WARN_DIRECT_OBJC_ISA_USAGE = YES_ERROR;
				CLANG_WARN_DOCUMENTATION_COMMENTS = YES;
				CLANG_WARN_EMPTY_BODY = YES;
				CLANG_WARN_ENUM_CONVERSION = YES;
				CLANG_WARN_INFINITE_RECURSION = YES;
				CLANG_WARN_INT_CONVERSION = YES;
				CLANG_WARN_NON_LITERAL_NULL_CONVERSION = YES;
				CLANG_WARN_OBJC_IMPLICIT_RETAIN_SELF = YES;
				CLANG_WARN_OBJC_LITERAL_CONVERSION = YES;
				CLANG_WARN_OBJC_ROOT_CLASS = YES_ERROR;
				CLANG_WARN_RANGE_LOOP_ANALYSIS = YES;
				CLANG_WARN_STRICT_PROTOTYPES = YES;
				CLANG_WARN_SUSPICIOUS_MOVE = YES;
				CLANG_WARN_UNGUARDED_AVAILABILITY = YES_AGGRESSIVE;
				CLANG_WARN_UNREACHABLE_CODE = YES;
				CLANG_WARN__DUPLICATE_METHOD_MATCH = YES;
				CODE_SIGN_IDENTITY = "iPhone Developer";
				COPY_PHASE_STRIP = NO;
				DEBUG_INFORMATION_FORMAT = "dwarf-with-dsym";
				ENABLE_NS_ASSERTIONS = NO;
				ENABLE_STRICT_OBJC_MSGSEND = YES;
				GCC_C_LANGUAGE_STANDARD = gnu11;
				GCC_NO_COMMON_BLOCKS = YES;
				GCC_WARN_64_TO_32_BIT_CONVERSION = YES;
				GCC_WARN_ABOUT_RETURN_TYPE = YES_ERROR;
				GCC_WARN_UNDECLARED_SELECTOR = YES;
				GCC_WARN_UNINITIALIZED_AUTOS = YES_AGGRESSIVE;
				GCC_WARN_UNUSED_FUNCTION = YES;
				GCC_WARN_UNUSED_VARIABLE = YES;
				IPHONEOS_DEPLOYMENT_TARGET = 10.0;
				MTL_ENABLE_DEBUG_INFO = NO;
				SDKROOT = iphoneos;
				SWIFT_COMPILATION_MODE = wholemodule;
				SWIFT_OPTIMIZATION_LEVEL = "-O";
				VALIDATE_PRODUCT = YES;
			};
			name = Release;
		};
		2EABEB1F2129FBD800243E24 /* Debug */ = {
			isa = XCBuildConfiguration;
			baseConfigurationReference = 6352B751098DEC7BF2CE65D6 /* Pods-Bulmaca Sözlük.debug.xcconfig */;
			buildSettings = {
				ASSETCATALOG_COMPILER_APPICON_NAME = AppIcon;
				CODE_SIGN_STYLE = Automatic;
				DEVELOPMENT_TEAM = X6J5BK9W64;
				INFOPLIST_FILE = "Bulmaca Sözlük/Info.plist";
				IPHONEOS_DEPLOYMENT_TARGET = 10.0;
				LD_RUNPATH_SEARCH_PATHS = (
					"$(inherited)",
					"@executable_path/Frameworks",
				);
				PRODUCT_BUNDLE_IDENTIFIER = "com.eminturk.bulmacasozluk.Bulmaca-So-zlu-k";
				PRODUCT_NAME = "$(TARGET_NAME)";
				SWIFT_VERSION = 4.0;
				TARGETED_DEVICE_FAMILY = "1,2";
			};
			name = Debug;
		};
		2EABEB202129FBD800243E24 /* Release */ = {
			isa = XCBuildConfiguration;
			baseConfigurationReference = AF144C5A55F076E93C12A169 /* Pods-Bulmaca Sözlük.release.xcconfig */;
			buildSettings = {
				ASSETCATALOG_COMPILER_APPICON_NAME = AppIcon;
				CODE_SIGN_STYLE = Automatic;
				DEVELOPMENT_TEAM = X6J5BK9W64;
				INFOPLIST_FILE = "Bulmaca Sözlük/Info.plist";
				IPHONEOS_DEPLOYMENT_TARGET = 10.0;
				LD_RUNPATH_SEARCH_PATHS = (
					"$(inherited)",
					"@executable_path/Frameworks",
				);
				PRODUCT_BUNDLE_IDENTIFIER = "com.eminturk.bulmacasozluk.Bulmaca-So-zlu-k";
				PRODUCT_NAME = "$(TARGET_NAME)";
				SWIFT_VERSION = 4.0;
				TARGETED_DEVICE_FAMILY = "1,2";
			};
			name = Release;
		};
/* End XCBuildConfiguration section */

/* Begin XCConfigurationList section */
		2EABEB042129FBD300243E24 /* Build configuration list for PBXProject "Bulmaca Sözlük" */ = {
			isa = XCConfigurationList;
			buildConfigurations = (
				2EABEB1C2129FBD800243E24 /* Debug */,
				2EABEB1D2129FBD800243E24 /* Release */,
			);
			defaultConfigurationIsVisible = 0;
			defaultConfigurationName = Release;
		};
		2EABEB1E2129FBD800243E24 /* Build configuration list for PBXNativeTarget "Bulmaca Sözlük" */ = {
			isa = XCConfigurationList;
			buildConfigurations = (
				2EABEB1F2129FBD800243E24 /* Debug */,
				2EABEB202129FBD800243E24 /* Release */,
			);
			defaultConfigurationIsVisible = 0;
			defaultConfigurationName = Release;
		};
/* End XCConfigurationList section */

/* Begin XCVersionGroup section */
		2EABEB132129FBD300243E24 /* Bulmaca_So_zlu_k.xcdatamodeld */ = {
			isa = XCVersionGroup;
			children = (
				2EABEB142129FBD300243E24 /* Bulmaca_So_zlu_k.xcdatamodel */,
			);
			currentVersion = 2EABEB142129FBD300243E24 /* Bulmaca_So_zlu_k.xcdatamodel */;
			path = Bulmaca_So_zlu_k.xcdatamodeld;
			sourceTree = "<group>";
			versionGroupType = wrapper.xcdatamodel;
		};
/* End XCVersionGroup section */
	};
	rootObject = 2EABEB012129FBD300243E24 /* Project object */;
}
